title: "The Border Between Seeing and Thinking"
author: Ned Block
semester: 2023-II
img: https://global.oup.com/academic/covers/pop-up/9780197622223
startDate: "2023-08-22"
endDate: "2023-10-01"
time: 11:00 - 13:00
place: Sala 216, Facultad de Filosofía y Humanidades, Universidad Alberto Hurtado (Alameda 1869)

info:
  es: |
    Calendario próximamente...
